
Microsoft Visual Studio Solution File, Format Version 11.00
# Visual Studio 2010
Project("{FAE04EC0-301F-11D3-BF4B-00C04F79EFBC}") = "DataVisualization", "DataVisualization\DataVisualization.csproj", "{9F3DACEE-BB7C-4463-AD7D-B37C95EF952F}"
EndProject
Project("{FAE04EC0-301F-11D3-BF4B-00C04F79EFBC}") = "ViasualizerTest", "ViasualizerTest\ViasualizerTest.csproj", "{FD0AEA06-5661-4525-A03D-DBFB1DA8080F}"
EndProject
Project("{2150E333-8FDC-42A3-9474-1A3956D46DE8}") = "Solution Items", "Solution Items", "{2DC94C59-8A09-4291-8956-4D9CB49E0EAC}"
	ProjectSection(SolutionItems) = preProject
		DataVisualization.vsmdi = DataVisualization.vsmdi
		Local.testsettings = Local.testsettings
		TraceAndTestImpact.testsettings = TraceAndTestImpact.testsettings
	EndProjectSection
EndProject
Global
	GlobalSection(TestCaseManagementSettings) = postSolution
		CategoryFile = DataVisualization.vsmdi
	EndGlobalSection
	GlobalSection(SolutionConfigurationPlatforms) = preSolution
		Debug|Any CPU = Debug|Any CPU
		Release|Any CPU = Release|Any CPU
	EndGlobalSection
	GlobalSection(ProjectConfigurationPlatforms) = postSolution
		{9F3DACEE-BB7C-4463-AD7D-B37C95EF952F}.Debug|Any CPU.ActiveCfg = Debug|Any CPU
		{9F3DACEE-BB7C-4463-AD7D-B37C95EF952F}.Debug|Any CPU.Build.0 = Debug|Any CPU
		{9F3DACEE-BB7C-4463-AD7D-B37C95EF952F}.Release|Any CPU.ActiveCfg = Release|Any CPU
		{9F3DACEE-BB7C-4463-AD7D-B37C95EF952F}.Release|Any CPU.Build.0 = Release|Any CPU
		{FD0AEA06-5661-4525-A03D-DBFB1DA8080F}.Debug|Any CPU.ActiveCfg = Debug|Any CPU
		{FD0AEA06-5661-4525-A03D-DBFB1DA8080F}.Debug|Any CPU.Build.0 = Debug|Any CPU
		{FD0AEA06-5661-4525-A03D-DBFB1DA8080F}.Release|Any CPU.ActiveCfg = Release|Any CPU
		{FD0AEA06-5661-4525-A03D-DBFB1DA8080F}.Release|Any CPU.Build.0 = Release|Any CPU
	EndGlobalSection
	GlobalSection(SolutionProperties) = preSolution
		HideSolutionNode = FALSE
	EndGlobalSection
EndGlobal
