
Microsoft Visual Studio Solution File, Format Version 11.00
# Visual Studio 2010
Project("{FAE04EC0-301F-11D3-BF4B-00C04F79EFBC}") = "DataObject", "DataObject\DataObject.csproj", "{EBE54B00-EF75-42D8-A822-E4324CFA1610}"
EndProject
Project("{FAE04EC0-301F-11D3-BF4B-00C04F79EFBC}") = "TestDataObject", "TestDataObject\TestDataObject.csproj", "{CFCE348F-3740-46AD-8571-5E212D1C1670}"
EndProject
Project("{2150E333-8FDC-42A3-9474-1A3956D46DE8}") = "Solution Items", "Solution Items", "{9AF839D2-00B1-4534-9DF7-8A48A687939B}"
	ProjectSection(SolutionItems) = preProject
		DataObject.vsmdi = DataObject.vsmdi
		Local.testsettings = Local.testsettings
		TraceAndTestImpact.testsettings = TraceAndTestImpact.testsettings
	EndProjectSection
EndProject
Global
	GlobalSection(TestCaseManagementSettings) = postSolution
		CategoryFile = DataObject.vsmdi
	EndGlobalSection
	GlobalSection(SolutionConfigurationPlatforms) = preSolution
		Debug|Any CPU = Debug|Any CPU
		Release|Any CPU = Release|Any CPU
	EndGlobalSection
	GlobalSection(ProjectConfigurationPlatforms) = postSolution
		{EBE54B00-EF75-42D8-A822-E4324CFA1610}.Debug|Any CPU.ActiveCfg = Debug|Any CPU
		{EBE54B00-EF75-42D8-A822-E4324CFA1610}.Debug|Any CPU.Build.0 = Debug|Any CPU
		{EBE54B00-EF75-42D8-A822-E4324CFA1610}.Release|Any CPU.ActiveCfg = Release|Any CPU
		{EBE54B00-EF75-42D8-A822-E4324CFA1610}.Release|Any CPU.Build.0 = Release|Any CPU
		{CFCE348F-3740-46AD-8571-5E212D1C1670}.Debug|Any CPU.ActiveCfg = Debug|Any CPU
		{CFCE348F-3740-46AD-8571-5E212D1C1670}.Debug|Any CPU.Build.0 = Debug|Any CPU
		{CFCE348F-3740-46AD-8571-5E212D1C1670}.Release|Any CPU.ActiveCfg = Release|Any CPU
		{CFCE348F-3740-46AD-8571-5E212D1C1670}.Release|Any CPU.Build.0 = Release|Any CPU
	EndGlobalSection
	GlobalSection(SolutionProperties) = preSolution
		HideSolutionNode = FALSE
	EndGlobalSection
EndGlobal
